github.com/gbin/goncurses v0.0.0-20251113135420-86371713952c h1:InGOOMAeX54K0mRSNz6P3Yi/paVkIgWgkzhXE+MOzVI=
github.com/gbin/goncurses v0.0.0-20251113135420-86371713952c/go.mod h1:dmRjyC3ZOQQ4EXWMOIAQi0TLaJPcg61LFsJ9mvhSGRE=
github.com/vchimishuk/chubby v0.0.0-20260509152105-e21cde046cad h1:jOG5LAja1Cg+Q0QMhEAiQaEP79JF/V+dlErbxdz5HtM=
github.com/vchimishuk/chubby v0.0.0-20260509152105-e21cde046cad/go.mod h1:WG3U84IdkwKpNaYrc0bXm1SRH/XRbP5DvIOwXvW3XZg=
github.com/vchimishuk/config v0.0.0-20251226000915-f2660fcdf53b h1:TAEH0uLJEQjO3qVZPyUVKbPkv5hMP6fd7j4lJXrZeC8=
github.com/vchimishuk/config v0.0.0-20251226000915-f2660fcdf53b/go.mod h1:4/fxN1V3/I1ujlZv5gf0KzQOv3/4nObqzqvkC4uf3X4=
github.com/vchimishuk/opt v0.0.0-20260329220500-a8e398f12069 h1:ifmkC5qnMFL55QTmeDNBfOoOWoGgTfzKMkjpzAwvpm8=
github.com/vchimishuk/opt v0.0.0-20260329220500-a8e398f12069/go.mod h1:MW7wx9OaqU0whuX3WqVLl5i08bNC4VrYQJbJHNrWqL4=
