github.com/gbin/goncurses v0.0.0-20240517145248-be6a464272ae h1:WeLSOuEYiwcuwg39YirhW0DibOkTztefXCTau5sSbyc=
github.com/gbin/goncurses v0.0.0-20240517145248-be6a464272ae/go.mod h1:dmRjyC3ZOQQ4EXWMOIAQi0TLaJPcg61LFsJ9mvhSGRE=
github.com/vchimishuk/chubby v0.0.0-20241230230640-94b95014d5a6 h1:L8x7Opfb4oGW+LN6Cdfb5afeklO48X/Ud3f7kPN8HKM=
github.com/vchimishuk/chubby v0.0.0-20241230230640-94b95014d5a6/go.mod h1:WG3U84IdkwKpNaYrc0bXm1SRH/XRbP5DvIOwXvW3XZg=
github.com/vchimishuk/config v0.0.0-20230910195755-ed7bd1b64558 h1:xFPdx9mb/yu4bFDgZmuuLd2M6F+f9jYYtHTE5Yw8iHE=
github.com/vchimishuk/config v0.0.0-20230910195755-ed7bd1b64558/go.mod h1:4/fxN1V3/I1ujlZv5gf0KzQOv3/4nObqzqvkC4uf3X4=
github.com/vchimishuk/opt v0.0.0-20160918213041-e09d5e511662 h1:lfnqx9S4HdQgBI2bcBvo5736IA2+2nGMT8z2JrIKy50=
github.com/vchimishuk/opt v0.0.0-20160918213041-e09d5e511662/go.mod h1:nas1Wr+WMtxTzFZ5h/Sotm1LIcrEdzjvAp7tl3782Ng=
